
Microsoft Visual Studio Solution File, Format Version 12.00
# Visual Studio Version 16
VisualStudioVersion = 16.0.31410.357
MinimumVisualStudioVersion = 10.0.40219.1
Project("{FAE04EC0-301F-11D3-BF4B-00C04F79EFBC}") = "estilos1.css", "estilos1.css\estilos1.css.csproj", "{0CC06F1F-7644-4B1A-91E7-F551F2ED7E8B}"
EndProject
Global
	GlobalSection(SolutionConfigurationPlatforms) = preSolution
		Debug|Any CPU = Debug|Any CPU
		Release|Any CPU = Release|Any CPU
	EndGlobalSection
	GlobalSection(ProjectConfigurationPlatforms) = postSolution
		{0CC06F1F-7644-4B1A-91E7-F551F2ED7E8B}.Debug|Any CPU.ActiveCfg = Debug|Any CPU
		{0CC06F1F-7644-4B1A-91E7-F551F2ED7E8B}.Debug|Any CPU.Build.0 = Debug|Any CPU
		{0CC06F1F-7644-4B1A-91E7-F551F2ED7E8B}.Release|Any CPU.ActiveCfg = Release|Any CPU
		{0CC06F1F-7644-4B1A-91E7-F551F2ED7E8B}.Release|Any CPU.Build.0 = Release|Any CPU
	EndGlobalSection
	GlobalSection(SolutionProperties) = preSolution
		HideSolutionNode = FALSE
	EndGlobalSection
	GlobalSection(ExtensibilityGlobals) = postSolution
		SolutionGuid = {2D9925FD-B6F9-4419-9857-703B87339A68}
	EndGlobalSection
EndGlobal
